<?xml version="1.0" encoding="utf-8"?>
<Project ToolsVersion="4.0" xmlns="http://schemas.microsoft.com/developer/msbuild/2003">
  <ItemGroup>
    <Filter Include="源文件">
      <UniqueIdentifier>{4FC737F1-C7A5-4376-A066-2A32D752A2FF}</UniqueIdentifier>
      <Extensions>cpp;c;cc;cxx;def;odl;idl;hpj;bat;asm;asmx</Extensions>
    </Filter>
    <Filter Include="头文件">
      <UniqueIdentifier>{93995380-89BD-4b04-88EB-625FBE52EBFB}</UniqueIdentifier>
      <Extensions>h;hh;hpp;hxx;hm;inl;inc;ipp;xsd</Extensions>
    </Filter>
    <Filter Include="资源文件">
      <UniqueIdentifier>{67DA6AB6-F800-4c08-8B7A-83BB121AAD01}</UniqueIdentifier>
      <Extensions>rc;ico;cur;bmp;dlg;rc2;rct;bin;rgs;gif;jpg;jpeg;jpe;resx;tiff;tif;png;wav;mfcribbon-ms</Extensions>
    </Filter>
  </ItemGroup>
  <ItemGroup>
    <ClInclude Include="myheader.h">
      <Filter>头文件</Filter>
    </ClInclude>
    <ClInclude Include="..\..\..\lib\StanfordCPPLib\collections\basicgraph.h">
      <Filter>头文件</Filter>
    </ClInclude>
    <ClInclude Include="..\..\..\lib\StanfordCPPLib\collections\collections.h">
      <Filter>头文件</Filter>
    </ClInclude>
    <ClInclude Include="..\..\..\lib\StanfordCPPLib\collections\dawglexicon.h">
      <Filter>头文件</Filter>
    </ClInclude>
    <ClInclude Include="..\..\..\lib\StanfordCPPLib\collections\deque.h">
      <Filter>头文件</Filter>
    </ClInclude>
    <ClInclude Include="..\..\..\lib\StanfordCPPLib\collections\functional.h">
      <Filter>头文件</Filter>
    </ClInclude>
    <ClInclude Include="..\..\..\lib\StanfordCPPLib\collections\graph.h">
      <Filter>头文件</Filter>
    </ClInclude>
    <ClInclude Include="..\..\..\lib\StanfordCPPLib\collections\grid.h">
      <Filter>头文件</Filter>
    </ClInclude>
    <ClInclude Include="..\..\..\lib\StanfordCPPLib\collections\gridlocation.h">
      <Filter>头文件</Filter>
    </ClInclude>
    <ClInclude Include="..\..\..\lib\StanfordCPPLib\collections\hashcode.h">
      <Filter>头文件</Filter>
    </ClInclude>
    <ClInclude Include="..\..\..\lib\StanfordCPPLib\collections\hashmap.h">
      <Filter>头文件</Filter>
    </ClInclude>
    <ClInclude Include="..\..\..\lib\StanfordCPPLib\collections\hashset.h">
      <Filter>头文件</Filter>
    </ClInclude>
    <ClInclude Include="..\..\..\lib\StanfordCPPLib\collections\lexicon.h">
      <Filter>头文件</Filter>
    </ClInclude>
    <ClInclude Include="..\..\..\lib\StanfordCPPLib\collections\linkedhashmap.h">
      <Filter>头文件</Filter>
    </ClInclude>
    <ClInclude Include="..\..\..\lib\StanfordCPPLib\collections\linkedhashset.h">
      <Filter>头文件</Filter>
    </ClInclude>
    <ClInclude Include="..\..\..\lib\StanfordCPPLib\collections\linkedlist.h">
      <Filter>头文件</Filter>
    </ClInclude>
    <ClInclude Include="..\..\..\lib\StanfordCPPLib\collections\map.h">
      <Filter>头文件</Filter>
    </ClInclude>
    <ClInclude Include="..\..\..\lib\StanfordCPPLib\collections\pqueue.h">
      <Filter>头文件</Filter>
    </ClInclude>
    <ClInclude Include="..\..\..\lib\StanfordCPPLib\collections\priorityqueue.h">
      <Filter>头文件</Filter>
    </ClInclude>
    <ClInclude Include="..\..\..\lib\StanfordCPPLib\collections\queue.h">
      <Filter>头文件</Filter>
    </ClInclude>
    <ClInclude Include="..\..\..\lib\StanfordCPPLib\collections\set.h">
      <Filter>头文件</Filter>
    </ClInclude>
    <ClInclude Include="..\..\..\lib\StanfordCPPLib\collections\shuffle.h">
      <Filter>头文件</Filter>
    </ClInclude>
    <ClInclude Include="..\..\..\lib\StanfordCPPLib\collections\sparsegrid.h">
      <Filter>头文件</Filter>
    </ClInclude>
    <ClInclude Include="..\..\..\lib\StanfordCPPLib\collections\stack.h">
      <Filter>头文件</Filter>
    </ClInclude>
    <ClInclude Include="..\..\..\lib\StanfordCPPLib\collections\stl.h">
      <Filter>头文件</Filter>
    </ClInclude>
    <ClInclude Include="..\..\..\lib\StanfordCPPLib\collections\vector.h">
      <Filter>头文件</Filter>
    </ClInclude>
    <ClInclude Include="..\..\..\lib\StanfordCPPLib\graphics\console.h">
      <Filter>头文件</Filter>
    </ClInclude>
    <ClInclude Include="..\..\..\lib\StanfordCPPLib\graphics\consoletext.h">
      <Filter>头文件</Filter>
    </ClInclude>
    <ClInclude Include="..\..\..\lib\StanfordCPPLib\graphics\gbrowserpane.h">
      <Filter>头文件</Filter>
    </ClInclude>
    <ClInclude Include="..\..\..\lib\StanfordCPPLib\graphics\gbufferedimage.h">
      <Filter>头文件</Filter>
    </ClInclude>
    <ClInclude Include="..\..\..\lib\StanfordCPPLib\graphics\gbutton.h">
      <Filter>头文件</Filter>
    </ClInclude>
    <ClInclude Include="..\..\..\lib\StanfordCPPLib\graphics\gcanvas.h">
      <Filter>头文件</Filter>
    </ClInclude>
    <ClInclude Include="..\..\..\lib\StanfordCPPLib\graphics\gcheckbox.h">
      <Filter>头文件</Filter>
    </ClInclude>
    <ClInclude Include="..\..\..\lib\StanfordCPPLib\graphics\gchooser.h">
      <Filter>头文件</Filter>
    </ClInclude>
    <ClInclude Include="..\..\..\lib\StanfordCPPLib\graphics\gclipboard.h">
      <Filter>头文件</Filter>
    </ClInclude>
    <ClInclude Include="..\..\..\lib\StanfordCPPLib\graphics\gcolor.h">
      <Filter>头文件</Filter>
    </ClInclude>
    <ClInclude Include="..\..\..\lib\StanfordCPPLib\graphics\gcolorchooser.h">
      <Filter>头文件</Filter>
    </ClInclude>
    <ClInclude Include="..\..\..\lib\StanfordCPPLib\graphics\gconsolewindow.h">
      <Filter>头文件</Filter>
    </ClInclude>
    <ClInclude Include="..\..\..\lib\StanfordCPPLib\graphics\gcontainer.h">
      <Filter>头文件</Filter>
    </ClInclude>
    <ClInclude Include="..\..\..\lib\StanfordCPPLib\graphics\gdiffgui.h">
      <Filter>头文件</Filter>
    </ClInclude>
    <ClInclude Include="..\..\..\lib\StanfordCPPLib\graphics\gdiffimage.h">
      <Filter>头文件</Filter>
    </ClInclude>
    <ClInclude Include="..\..\..\lib\StanfordCPPLib\graphics\gdownloader.h">
      <Filter>头文件</Filter>
    </ClInclude>
    <ClInclude Include="..\..\..\lib\StanfordCPPLib\graphics\gdrawingsurface.h">
      <Filter>头文件</Filter>
    </ClInclude>
    <ClInclude Include="..\..\..\lib\StanfordCPPLib\graphics\gevent.h">
      <Filter>头文件</Filter>
    </ClInclude>
    <ClInclude Include="..\..\..\lib\StanfordCPPLib\graphics\geventqueue.h">
      <Filter>头文件</Filter>
    </ClInclude>
    <ClInclude Include="..\..\..\lib\StanfordCPPLib\graphics\gevents.h">
      <Filter>头文件</Filter>
    </ClInclude>
    <ClInclude Include="..\..\..\lib\StanfordCPPLib\graphics\gfilechooser.h">
      <Filter>头文件</Filter>
    </ClInclude>
    <ClInclude Include="..\..\..\lib\StanfordCPPLib\graphics\gfont.h">
      <Filter>头文件</Filter>
    </ClInclude>
    <ClInclude Include="..\..\..\lib\StanfordCPPLib\graphics\gfontchooser.h">
      <Filter>头文件</Filter>
    </ClInclude>
    <ClInclude Include="..\..\..\lib\StanfordCPPLib\graphics\gformattedpane.h">
      <Filter>头文件</Filter>
    </ClInclude>
    <ClInclude Include="..\..\..\lib\StanfordCPPLib\graphics\ginputpanel.h">
      <Filter>头文件</Filter>
    </ClInclude>
    <ClInclude Include="..\..\..\lib\StanfordCPPLib\graphics\ginteractor.h">
      <Filter>头文件</Filter>
    </ClInclude>
    <ClInclude Include="..\..\..\lib\StanfordCPPLib\graphics\ginteractors.h">
      <Filter>头文件</Filter>
    </ClInclude>
    <ClInclude Include="..\..\..\lib\StanfordCPPLib\graphics\glabel.h">
      <Filter>头文件</Filter>
    </ClInclude>
    <ClInclude Include="..\..\..\lib\StanfordCPPLib\graphics\glayout.h">
      <Filter>头文件</Filter>
    </ClInclude>
    <ClInclude Include="..\..\..\lib\StanfordCPPLib\graphics\gobjects.h">
      <Filter>头文件</Filter>
    </ClInclude>
    <ClInclude Include="..\..\..\lib\StanfordCPPLib\graphics\gobservable.h">
      <Filter>头文件</Filter>
    </ClInclude>
    <ClInclude Include="..\..\..\lib\StanfordCPPLib\graphics\goptionpane.h">
      <Filter>头文件</Filter>
    </ClInclude>
    <ClInclude Include="..\..\..\lib\StanfordCPPLib\graphics\gradiobutton.h">
      <Filter>头文件</Filter>
    </ClInclude>
    <ClInclude Include="..\..\..\lib\StanfordCPPLib\graphics\gscrollbar.h">
      <Filter>头文件</Filter>
    </ClInclude>
    <ClInclude Include="..\..\..\lib\StanfordCPPLib\graphics\gscrollpane.h">
      <Filter>头文件</Filter>
    </ClInclude>
    <ClInclude Include="..\..\..\lib\StanfordCPPLib\graphics\gslider.h">
      <Filter>头文件</Filter>
    </ClInclude>
    <ClInclude Include="..\..\..\lib\StanfordCPPLib\graphics\gspacer.h">
      <Filter>头文件</Filter>
    </ClInclude>
    <ClInclude Include="..\..\..\lib\StanfordCPPLib\graphics\gtable.h">
      <Filter>头文件</Filter>
    </ClInclude>
    <ClInclude Include="..\..\..\lib\StanfordCPPLib\graphics\gtextarea.h">
      <Filter>头文件</Filter>
    </ClInclude>
    <ClInclude Include="..\..\..\lib\StanfordCPPLib\graphics\gtextfield.h">
      <Filter>头文件</Filter>
    </ClInclude>
    <ClInclude Include="..\..\..\lib\StanfordCPPLib\graphics\gthread.h">
      <Filter>头文件</Filter>
    </ClInclude>
    <ClInclude Include="..\..\..\lib\StanfordCPPLib\graphics\gtimer.h">
      <Filter>头文件</Filter>
    </ClInclude>
    <ClInclude Include="..\..\..\lib\StanfordCPPLib\graphics\gtypes.h">
      <Filter>头文件</Filter>
    </ClInclude>
    <ClInclude Include="..\..\..\lib\StanfordCPPLib\graphics\gwindow.h">
      <Filter>头文件</Filter>
    </ClInclude>
    <ClInclude Include="..\..\..\lib\StanfordCPPLib\graphics\qtgui.h">
      <Filter>头文件</Filter>
    </ClInclude>
    <ClInclude Include="..\..\..\lib\StanfordCPPLib\io\base64.h">
      <Filter>头文件</Filter>
    </ClInclude>
    <ClInclude Include="..\..\..\lib\StanfordCPPLib\io\bitstream.h">
      <Filter>头文件</Filter>
    </ClInclude>
    <ClInclude Include="..\..\..\lib\StanfordCPPLib\io\filelib.h">
      <Filter>头文件</Filter>
    </ClInclude>
    <ClInclude Include="..\..\..\lib\StanfordCPPLib\io\plainconsole.h">
      <Filter>头文件</Filter>
    </ClInclude>
    <ClInclude Include="..\..\..\lib\StanfordCPPLib\io\rapidxml.h">
      <Filter>头文件</Filter>
    </ClInclude>
    <ClInclude Include="..\..\..\lib\StanfordCPPLib\io\server.h">
      <Filter>头文件</Filter>
    </ClInclude>
    <ClInclude Include="..\..\..\lib\StanfordCPPLib\io\simpio.h">
      <Filter>头文件</Filter>
    </ClInclude>
    <ClInclude Include="..\..\..\lib\StanfordCPPLib\io\tokenscanner.h">
      <Filter>头文件</Filter>
    </ClInclude>
    <ClInclude Include="..\..\..\lib\StanfordCPPLib\io\urlstream.h">
      <Filter>头文件</Filter>
    </ClInclude>
    <ClInclude Include="..\..\..\lib\StanfordCPPLib\io\xmlutils.h">
      <Filter>头文件</Filter>
    </ClInclude>
    <ClInclude Include="..\..\..\lib\StanfordCPPLib\private\consolestreambuf.h">
      <Filter>头文件</Filter>
    </ClInclude>
    <ClInclude Include="..\..\..\lib\StanfordCPPLib\private\echoinputstreambuf.h">
      <Filter>头文件</Filter>
    </ClInclude>
    <ClInclude Include="..\..\..\lib\StanfordCPPLib\private\foreachpatch.h">
      <Filter>头文件</Filter>
    </ClInclude>
    <ClInclude Include="..\..\..\lib\StanfordCPPLib\private\forwardingstreambuf.h">
      <Filter>头文件</Filter>
    </ClInclude>
    <ClInclude Include="..\..\..\lib\StanfordCPPLib\private\headless.h">
      <Filter>头文件</Filter>
    </ClInclude>
    <ClInclude Include="..\..\..\lib\StanfordCPPLib\private\init.h">
      <Filter>头文件</Filter>
    </ClInclude>
    <ClInclude Include="..\..\..\lib\StanfordCPPLib\private\initstudent.h">
      <Filter>头文件</Filter>
    </ClInclude>
    <ClInclude Include="..\..\..\lib\StanfordCPPLib\private\limitoutputstreambuf.h">
      <Filter>头文件</Filter>
    </ClInclude>
    <ClInclude Include="..\..\..\lib\StanfordCPPLib\private\multimain.h">
      <Filter>头文件</Filter>
    </ClInclude>
    <ClInclude Include="..\..\..\lib\StanfordCPPLib\private\precompiled.h">
      <Filter>头文件</Filter>
    </ClInclude>
    <ClInclude Include="..\..\..\lib\StanfordCPPLib\private\randompatch.h">
      <Filter>头文件</Filter>
    </ClInclude>
    <ClInclude Include="..\..\..\lib\StanfordCPPLib\private\static.h">
      <Filter>头文件</Filter>
    </ClInclude>
    <ClInclude Include="..\..\..\lib\StanfordCPPLib\private\version.h">
      <Filter>头文件</Filter>
    </ClInclude>
    <ClInclude Include="..\..\..\lib\StanfordCPPLib\system\call_stack.h">
      <Filter>头文件</Filter>
    </ClInclude>
    <ClInclude Include="..\..\..\lib\StanfordCPPLib\system\error.h">
      <Filter>头文件</Filter>
    </ClInclude>
    <ClInclude Include="..\..\..\lib\StanfordCPPLib\system\exceptions.h">
      <Filter>头文件</Filter>
    </ClInclude>
    <ClInclude Include="..\..\..\lib\StanfordCPPLib\system\os.h">
      <Filter>头文件</Filter>
    </ClInclude>
    <ClInclude Include="..\..\..\lib\StanfordCPPLib\util\bigfloat.h">
      <Filter>头文件</Filter>
    </ClInclude>
    <ClInclude Include="..\..\..\lib\StanfordCPPLib\util\biginteger.h">
      <Filter>头文件</Filter>
    </ClInclude>
    <ClInclude Include="..\..\..\lib\StanfordCPPLib\util\complex.h">
      <Filter>头文件</Filter>
    </ClInclude>
    <ClInclude Include="..\..\..\lib\StanfordCPPLib\util\diff.h">
      <Filter>头文件</Filter>
    </ClInclude>
    <ClInclude Include="..\..\..\lib\StanfordCPPLib\util\direction.h">
      <Filter>头文件</Filter>
    </ClInclude>
    <ClInclude Include="..\..\..\lib\StanfordCPPLib\util\foreach.h">
      <Filter>头文件</Filter>
    </ClInclude>
    <ClInclude Include="..\..\..\lib\StanfordCPPLib\util\gmath.h">
      <Filter>头文件</Filter>
    </ClInclude>
    <ClInclude Include="..\..\..\lib\StanfordCPPLib\util\intrange.h">
      <Filter>头文件</Filter>
    </ClInclude>
    <ClInclude Include="..\..\..\lib\StanfordCPPLib\util\managed.h">
      <Filter>头文件</Filter>
    </ClInclude>
    <ClInclude Include="..\..\..\lib\StanfordCPPLib\util\memory.h">
      <Filter>头文件</Filter>
    </ClInclude>
    <ClInclude Include="..\..\..\lib\StanfordCPPLib\util\note.h">
      <Filter>头文件</Filter>
    </ClInclude>
    <ClInclude Include="..\..\..\lib\StanfordCPPLib\util\observable.h">
      <Filter>头文件</Filter>
    </ClInclude>
    <ClInclude Include="..\..\..\lib\StanfordCPPLib\util\point.h">
      <Filter>头文件</Filter>
    </ClInclude>
    <ClInclude Include="..\..\..\lib\StanfordCPPLib\util\random.h">
      <Filter>头文件</Filter>
    </ClInclude>
    <ClInclude Include="..\..\..\lib\StanfordCPPLib\util\recursion.h">
      <Filter>头文件</Filter>
    </ClInclude>
    <ClInclude Include="..\..\..\lib\StanfordCPPLib\util\regexpr.h">
      <Filter>头文件</Filter>
    </ClInclude>
    <ClInclude Include="..\..\..\lib\StanfordCPPLib\util\require.h">
      <Filter>头文件</Filter>
    </ClInclude>
    <ClInclude Include="..\..\..\lib\StanfordCPPLib\util\sound.h">
      <Filter>头文件</Filter>
    </ClInclude>
    <ClInclude Include="..\..\..\lib\StanfordCPPLib\util\stringutils.h">
      <Filter>头文件</Filter>
    </ClInclude>
    <ClInclude Include="..\..\..\lib\StanfordCPPLib\util\strlib.h">
      <Filter>头文件</Filter>
    </ClInclude>
    <ClInclude Include="..\..\..\lib\StanfordCPPLib\util\timer.h">
      <Filter>头文件</Filter>
    </ClInclude>
  </ItemGroup>
  <ItemGroup>
    <ClCompile Include="test.cpp">
      <Filter>源文件</Filter>
    </ClCompile>
  </ItemGroup>
</Project>